
Microsoft Visual Studio Solution File, Format Version 12.00
# Visual Studio Version 16
VisualStudioVersion = 16.0.31105.61
MinimumVisualStudioVersion = 10.0.40219.1
Project("{9A19103F-16F7-4668-BE54-9A1E7A4F7556}") = "Service", "Service\Service.csproj", "{0B7F801C-7753-4C5A-8B4E-67DB8EEB0414}"
EndProject
Project("{9A19103F-16F7-4668-BE54-9A1E7A4F7556}") = "Service.Tests", "Service.Tests\Service.Tests.csproj", "{A4E9451D-051C-46AD-9421-8C078EFA0603}"
EndProject
Project("{2150E333-8FDC-42A3-9474-1A3956D46DE8}") = "Solution Items", "Solution Items", "{89709478-E32B-4324-85C0-D8A3406A4445}"
	ProjectSection(SolutionItems) = preProject
		.editorconfig = .editorconfig
	EndProjectSection
EndProject
Global
	GlobalSection(SolutionConfigurationPlatforms) = preSolution
		Debug|Any CPU = Debug|Any CPU
		Release|Any CPU = Release|Any CPU
	EndGlobalSection
	GlobalSection(ProjectConfigurationPlatforms) = postSolution
		{0B7F801C-7753-4C5A-8B4E-67DB8EEB0414}.Debug|Any CPU.ActiveCfg = Debug|Any CPU
		{0B7F801C-7753-4C5A-8B4E-67DB8EEB0414}.Debug|Any CPU.Build.0 = Debug|Any CPU
		{0B7F801C-7753-4C5A-8B4E-67DB8EEB0414}.Release|Any CPU.ActiveCfg = Release|Any CPU
		{0B7F801C-7753-4C5A-8B4E-67DB8EEB0414}.Release|Any CPU.Build.0 = Release|Any CPU
		{A4E9451D-051C-46AD-9421-8C078EFA0603}.Debug|Any CPU.ActiveCfg = Debug|Any CPU
		{A4E9451D-051C-46AD-9421-8C078EFA0603}.Debug|Any CPU.Build.0 = Debug|Any CPU
		{A4E9451D-051C-46AD-9421-8C078EFA0603}.Release|Any CPU.ActiveCfg = Release|Any CPU
		{A4E9451D-051C-46AD-9421-8C078EFA0603}.Release|Any CPU.Build.0 = Release|Any CPU
	EndGlobalSection
	GlobalSection(SolutionProperties) = preSolution
		HideSolutionNode = FALSE
	EndGlobalSection
	GlobalSection(ExtensibilityGlobals) = postSolution
		SolutionGuid = {98A8332E-9C4F-4338-B140-59AFF4F8F385}
	EndGlobalSection
EndGlobal
